
Microsoft Visual Studio Solution File, Format Version 12.00
# Visual Studio Version 16
VisualStudioVersion = 16.0.29613.14
MinimumVisualStudioVersion = 10.0.40219.1
Project("{FAE04EC0-301F-11D3-BF4B-00C04F79EFBC}") = "Api", "Api\Api.csproj", "{E5420400-565B-4265-BB29-942A9F3716E2}"
EndProject
Project("{FAE04EC0-301F-11D3-BF4B-00C04F79EFBC}") = "Logic", "Logic\Logic.csproj", "{1C5EEB95-8C31-490A-91C3-DD80F9B23932}"
EndProject
Project("{FAE04EC0-301F-11D3-BF4B-00C04F79EFBC}") = "UI", "UI\UI.csproj", "{A2438AE1-2F35-4CEE-B9C2-1A378F353450}"
EndProject
Global
	GlobalSection(SolutionConfigurationPlatforms) = preSolution
		Debug|Any CPU = Debug|Any CPU
		Release|Any CPU = Release|Any CPU
	EndGlobalSection
	GlobalSection(ProjectConfigurationPlatforms) = postSolution
		{E5420400-565B-4265-BB29-942A9F3716E2}.Debug|Any CPU.ActiveCfg = Debug|Any CPU
		{E5420400-565B-4265-BB29-942A9F3716E2}.Debug|Any CPU.Build.0 = Debug|Any CPU
		{E5420400-565B-4265-BB29-942A9F3716E2}.Release|Any CPU.ActiveCfg = Release|Any CPU
		{E5420400-565B-4265-BB29-942A9F3716E2}.Release|Any CPU.Build.0 = Release|Any CPU
		{1C5EEB95-8C31-490A-91C3-DD80F9B23932}.Debug|Any CPU.ActiveCfg = Debug|Any CPU
		{1C5EEB95-8C31-490A-91C3-DD80F9B23932}.Debug|Any CPU.Build.0 = Debug|Any CPU
		{1C5EEB95-8C31-490A-91C3-DD80F9B23932}.Release|Any CPU.ActiveCfg = Release|Any CPU
		{1C5EEB95-8C31-490A-91C3-DD80F9B23932}.Release|Any CPU.Build.0 = Release|Any CPU
		{A2438AE1-2F35-4CEE-B9C2-1A378F353450}.Debug|Any CPU.ActiveCfg = Debug|Any CPU
		{A2438AE1-2F35-4CEE-B9C2-1A378F353450}.Debug|Any CPU.Build.0 = Debug|Any CPU
		{A2438AE1-2F35-4CEE-B9C2-1A378F353450}.Release|Any CPU.ActiveCfg = Release|Any CPU
		{A2438AE1-2F35-4CEE-B9C2-1A378F353450}.Release|Any CPU.Build.0 = Release|Any CPU
	EndGlobalSection
	GlobalSection(SolutionProperties) = preSolution
		HideSolutionNode = FALSE
	EndGlobalSection
	GlobalSection(ExtensibilityGlobals) = postSolution
		SolutionGuid = {810440D7-089B-4F10-A5F7-44186EC8BB1C}
	EndGlobalSection
EndGlobal
